
Microsoft Visual Studio Solution File, Format Version 12.00
# Visual Studio Version 16
VisualStudioVersion = 16.0.30320.27
MinimumVisualStudioVersion = 10.0.40219.1
Project("{F184B08F-C81C-45F6-A57F-5ABD9991F28F}") = "DisplayLabel", "DisplayLabel\DisplayLabel.vbproj", "{F661FB2B-852F-4C7E-9410-23614BF1F595}"
EndProject
Global
	GlobalSection(SolutionConfigurationPlatforms) = preSolution
		Debug|Any CPU = Debug|Any CPU
		Release|Any CPU = Release|Any CPU
	EndGlobalSection
	GlobalSection(ProjectConfigurationPlatforms) = postSolution
		{F661FB2B-852F-4C7E-9410-23614BF1F595}.Debug|Any CPU.ActiveCfg = Debug|Any CPU
		{F661FB2B-852F-4C7E-9410-23614BF1F595}.Debug|Any CPU.Build.0 = Debug|Any CPU
		{F661FB2B-852F-4C7E-9410-23614BF1F595}.Release|Any CPU.ActiveCfg = Release|Any CPU
		{F661FB2B-852F-4C7E-9410-23614BF1F595}.Release|Any CPU.Build.0 = Release|Any CPU
	EndGlobalSection
	GlobalSection(SolutionProperties) = preSolution
		HideSolutionNode = FALSE
	EndGlobalSection
	GlobalSection(ExtensibilityGlobals) = postSolution
		SolutionGuid = {E2BDD7AC-B11D-44FC-BAE8-B0C5638F631C}
	EndGlobalSection
EndGlobal
